
Microsoft Visual Studio Solution File, Format Version 12.00
# Visual Studio 14
VisualStudioVersion = 14.0.25123.0
MinimumVisualStudioVersion = 10.0.40219.1
Project("{FAE04EC0-301F-11D3-BF4B-00C04F79EFBC}") = "hangman", "hangman\hangman.csproj", "{8006CD42-492A-4D7B-80E7-C8769E7BF1C2}"
EndProject
Global
	GlobalSection(SolutionConfigurationPlatforms) = preSolution
		Debug|Any CPU = Debug|Any CPU
		Release|Any CPU = Release|Any CPU
	EndGlobalSection
	GlobalSection(ProjectConfigurationPlatforms) = postSolution
		{8006CD42-492A-4D7B-80E7-C8769E7BF1C2}.Debug|Any CPU.ActiveCfg = Debug|Any CPU
		{8006CD42-492A-4D7B-80E7-C8769E7BF1C2}.Debug|Any CPU.Build.0 = Debug|Any CPU
		{8006CD42-492A-4D7B-80E7-C8769E7BF1C2}.Release|Any CPU.ActiveCfg = Release|Any CPU
		{8006CD42-492A-4D7B-80E7-C8769E7BF1C2}.Release|Any CPU.Build.0 = Release|Any CPU
	EndGlobalSection
	GlobalSection(SolutionProperties) = preSolution
		HideSolutionNode = FALSE
	EndGlobalSection
EndGlobal
